
Microsoft Visual Studio Solution File, Format Version 12.00
# Visual Studio Version 16
VisualStudioVersion = 16.0.29911.84
MinimumVisualStudioVersion = 10.0.40219.1
Project("{FAE04EC0-301F-11D3-BF4B-00C04F79EFBC}") = "Front_ASP.NET", "Front_ASP.NET\Front_ASP.NET.csproj", "{2535BDA2-E656-4774-831A-7447B8E84C62}"
EndProject
Project("{FAE04EC0-301F-11D3-BF4B-00C04F79EFBC}") = "Logic", "Logic\Logic.csproj", "{2406926B-B3DD-491A-B77B-84C4DF432C9F}"
EndProject
Project("{FAE04EC0-301F-11D3-BF4B-00C04F79EFBC}") = "DAL", "DAL\DAL.csproj", "{2CCD31D5-3C11-418E-812E-373A18B6BE1E}"
EndProject
Global
	GlobalSection(SolutionConfigurationPlatforms) = preSolution
		Debug|Any CPU = Debug|Any CPU
		Release|Any CPU = Release|Any CPU
	EndGlobalSection
	GlobalSection(ProjectConfigurationPlatforms) = postSolution
		{2535BDA2-E656-4774-831A-7447B8E84C62}.Debug|Any CPU.ActiveCfg = Debug|Any CPU
		{2535BDA2-E656-4774-831A-7447B8E84C62}.Debug|Any CPU.Build.0 = Debug|Any CPU
		{2535BDA2-E656-4774-831A-7447B8E84C62}.Release|Any CPU.ActiveCfg = Release|Any CPU
		{2535BDA2-E656-4774-831A-7447B8E84C62}.Release|Any CPU.Build.0 = Release|Any CPU
		{2406926B-B3DD-491A-B77B-84C4DF432C9F}.Debug|Any CPU.ActiveCfg = Debug|Any CPU
		{2406926B-B3DD-491A-B77B-84C4DF432C9F}.Debug|Any CPU.Build.0 = Debug|Any CPU
		{2406926B-B3DD-491A-B77B-84C4DF432C9F}.Release|Any CPU.ActiveCfg = Release|Any CPU
		{2406926B-B3DD-491A-B77B-84C4DF432C9F}.Release|Any CPU.Build.0 = Release|Any CPU
		{2CCD31D5-3C11-418E-812E-373A18B6BE1E}.Debug|Any CPU.ActiveCfg = Debug|Any CPU
		{2CCD31D5-3C11-418E-812E-373A18B6BE1E}.Debug|Any CPU.Build.0 = Debug|Any CPU
		{2CCD31D5-3C11-418E-812E-373A18B6BE1E}.Release|Any CPU.ActiveCfg = Release|Any CPU
		{2CCD31D5-3C11-418E-812E-373A18B6BE1E}.Release|Any CPU.Build.0 = Release|Any CPU
	EndGlobalSection
	GlobalSection(SolutionProperties) = preSolution
		HideSolutionNode = FALSE
	EndGlobalSection
	GlobalSection(ExtensibilityGlobals) = postSolution
		SolutionGuid = {E431CDCC-E915-4EE6-BB53-05D7932325B4}
	EndGlobalSection
EndGlobal
