
Microsoft Visual Studio Solution File, Format Version 12.00
# Visual Studio Version 16
VisualStudioVersion = 16.0.30804.86
MinimumVisualStudioVersion = 10.0.40219.1
Project("{FAE04EC0-301F-11D3-BF4B-00C04F79EFBC}") = "ASPFront", "ASPFront.csproj", "{367B34A8-C647-4EEB-B74E-0AF2DD3BCDFD}"
EndProject
Global
	GlobalSection(SolutionConfigurationPlatforms) = preSolution
		Debug|Any CPU = Debug|Any CPU
		Release|Any CPU = Release|Any CPU
	EndGlobalSection
	GlobalSection(ProjectConfigurationPlatforms) = postSolution
		{367B34A8-C647-4EEB-B74E-0AF2DD3BCDFD}.Debug|Any CPU.ActiveCfg = Debug|Any CPU
		{367B34A8-C647-4EEB-B74E-0AF2DD3BCDFD}.Debug|Any CPU.Build.0 = Debug|Any CPU
		{367B34A8-C647-4EEB-B74E-0AF2DD3BCDFD}.Release|Any CPU.ActiveCfg = Release|Any CPU
		{367B34A8-C647-4EEB-B74E-0AF2DD3BCDFD}.Release|Any CPU.Build.0 = Release|Any CPU
	EndGlobalSection
	GlobalSection(SolutionProperties) = preSolution
		HideSolutionNode = FALSE
	EndGlobalSection
	GlobalSection(ExtensibilityGlobals) = postSolution
		SolutionGuid = {034C7DB6-6F89-4585-ABD8-15CE2E096288}
	EndGlobalSection
EndGlobal
